
Microsoft Visual Studio Solution File, Format Version 12.00
# Visual Studio Version 17
VisualStudioVersion = 17.6.33829.357
MinimumVisualStudioVersion = 10.0.40219.1
Project("{FAE04EC0-301F-11D3-BF4B-00C04F79EFBC}") = "gmvmvmvm", "gmvmvmvm\gmvmvmvm.csproj", "{12A02A78-9488-4E5F-9040-918A331DDD00}"
EndProject
Global
	GlobalSection(SolutionConfigurationPlatforms) = preSolution
		Debug|Any CPU = Debug|Any CPU
		Release|Any CPU = Release|Any CPU
	EndGlobalSection
	GlobalSection(ProjectConfigurationPlatforms) = postSolution
		{12A02A78-9488-4E5F-9040-918A331DDD00}.Debug|Any CPU.ActiveCfg = Debug|Any CPU
		{12A02A78-9488-4E5F-9040-918A331DDD00}.Debug|Any CPU.Build.0 = Debug|Any CPU
		{12A02A78-9488-4E5F-9040-918A331DDD00}.Release|Any CPU.ActiveCfg = Release|Any CPU
		{12A02A78-9488-4E5F-9040-918A331DDD00}.Release|Any CPU.Build.0 = Release|Any CPU
	EndGlobalSection
	GlobalSection(SolutionProperties) = preSolution
		HideSolutionNode = FALSE
	EndGlobalSection
	GlobalSection(ExtensibilityGlobals) = postSolution
		SolutionGuid = {8432AC80-42EC-4871-A4F7-550EF889CBAC}
	EndGlobalSection
EndGlobal
